// !$*UTF8*$!
{
	archiveVersion = 1;
	classes = {
	};
	objectVersion = 52;
	objects = {

/* Begin PBXBuildFile section */
		6D37E2E02702AEA500120D6E /* AppDelegate.swift in Sources */ = {isa = PBXBuildFile; fileRef = 6D37E2DF2702AEA500120D6E /* AppDelegate.swift */; };
		6D37E2E22702AEA500120D6E /* SceneDelegate.swift in Sources */ = {isa = PBXBuildFile; fileRef = 6D37E2E12702AEA500120D6E /* SceneDelegate.swift */; };
		6D37E2E42702AEA500120D6E /* MoviesViewController.swift in Sources */ = {isa = PBXBuildFile; fileRef = 6D37E2E32702AEA500120D6E /* MoviesViewController.swift */; };
		6D37E2E72702AEA500120D6E /* Main.storyboard in Resources */ = {isa = PBXBuildFile; fileRef = 6D37E2E52702AEA500120D6E /* Main.storyboard */; };
		6D37E2E92702AEA600120D6E /* Assets.xcassets in Resources */ = {isa = PBXBuildFile; fileRef = 6D37E2E82702AEA600120D6E /* Assets.xcassets */; };
		6D37E2EC2702AEA600120D6E /* LaunchScreen.storyboard in Resources */ = {isa = PBXBuildFile; fileRef = 6D37E2EA2702AEA600120D6E /* LaunchScreen.storyboard */; };
		6D37E2F72702AEA600120D6E /* FlixTests.swift in Sources */ = {isa = PBXBuildFile; fileRef = 6D37E2F62702AEA600120D6E /* FlixTests.swift */; };
		6D37E3022702AEA600120D6E /* FlixUITests.swift in Sources */ = {isa = PBXBuildFile; fileRef = 6D37E3012702AEA600120D6E /* FlixUITests.swift */; };
		6D37E3102702DB7800120D6E /* MovieCell.swift in Sources */ = {isa = PBXBuildFile; fileRef = 6D37E30F2702DB7800120D6E /* MovieCell.swift */; };
		6D37E3132702E07F00120D6E /* AlamofireImage in Frameworks */ = {isa = PBXBuildFile; productRef = 6D37E3122702E07F00120D6E /* AlamofireImage */; };
		705730BE5C170243D50A7C00 /* Pods_FlixTests.framework in Frameworks */ = {isa = PBXBuildFile; fileRef = BF20E64BABEF8A7582CA575A /* Pods_FlixTests.framework */; };
		99C556CDC686B08192BF5CFF /* Pods_Flix.framework in Frameworks */ = {isa = PBXBuildFile; fileRef = 50211C7DB93473589CA744A4 /* Pods_Flix.framework */; };
		E60E8592A37B956571766E1C /* Pods_Flix_FlixUITests.framework in Frameworks */ = {isa = PBXBuildFile; fileRef = 0FC6B26E484658A800E57975 /* Pods_Flix_FlixUITests.framework */; };
/* End PBXBuildFile section */

/* Begin PBXContainerItemProxy section */
		6D37E2F32702AEA600120D6E /* PBXContainerItemProxy */ = {
			isa = PBXContainerItemProxy;
			containerPortal = 6D37E2D42702AEA500120D6E /* Project object */;
			proxyType = 1;
			remoteGlobalIDString = 6D37E2DB2702AEA500120D6E;
			remoteInfo = Flix;
		};
		6D37E2FE2702AEA600120D6E /* PBXContainerItemProxy */ = {
			isa = PBXContainerItemProxy;
			containerPortal = 6D37E2D42702AEA500120D6E /* Project object */;
			proxyType = 1;
			remoteGlobalIDString = 6D37E2DB2702AEA500120D6E;
			remoteInfo = Flix;
		};
/* End PBXContainerItemProxy section */

/* Begin PBXFileReference section */
		0DA425FF1C8A8193B8DEDD06 /* Pods-Flix.release.xcconfig */ = {isa = PBXFileReference; includeInIndex = 1; lastKnownFileType = text.xcconfig; name = "Pods-Flix.release.xcconfig"; path = "Target Support Files/Pods-Flix/Pods-Flix.release.xcconfig"; sourceTree = "<group>"; };
		0FC6B26E484658A800E57975 /* Pods_Flix_FlixUITests.framework */ = {isa = PBXFileReference; explicitFileType = wrapper.framework; includeInIndex = 0; path = Pods_Flix_FlixUITests.framework; sourceTree = BUILT_PRODUCTS_DIR; };
		4DD83529B4FDC10A7DF3301B /* Pods-Flix.debug.xcconfig */ = {isa = PBXFileReference; includeInIndex = 1; lastKnownFileType = text.xcconfig; name = "Pods-Flix.debug.xcconfig"; path = "Target Support Files/Pods-Flix/Pods-Flix.debug.xcconfig"; sourceTree = "<group>"; };
		50211C7DB93473589CA744A4 /* Pods_Flix.framework */ = {isa = PBXFileReference; explicitFileType = wrapper.framework; includeInIndex = 0; path = Pods_Flix.framework; sourceTree = BUILT_PRODUCTS_DIR; };
		6D37E2DC2702AEA500120D6E /* Flix.app */ = {isa = PBXFileReference; explicitFileType = wrapper.application; includeInIndex = 0; path = Flix.app; sourceTree = BUILT_PRODUCTS_DIR; };
		6D37E2DF2702AEA500120D6E /* AppDelegate.swift */ = {isa = PBXFileReference; lastKnownFileType = sourcecode.swift; path = AppDelegate.swift; sourceTree = "<group>"; };
		6D37E2E12702AEA500120D6E /* SceneDelegate.swift */ = {isa = PBXFileReference; lastKnownFileType = sourcecode.swift; path = SceneDelegate.swift; sourceTree = "<group>"; };
		6D37E2E32702AEA500120D6E /* MoviesViewController.swift */ = {isa = PBXFileReference; lastKnownFileType = sourcecode.swift; path = MoviesViewController.swift; sourceTree = "<group>"; };
		6D37E2E62702AEA500120D6E /* Base */ = {isa = PBXFileReference; lastKnownFileType = file.storyboard; name = Base; path = Base.lproj/Main.storyboard; sourceTree = "<group>"; };
		6D37E2E82702AEA600120D6E /* Assets.xcassets */ = {isa = PBXFileReference; lastKnownFileType = folder.assetcatalog; path = Assets.xcassets; sourceTree = "<group>"; };
		6D37E2EB2702AEA600120D6E /* Base */ = {isa = PBXFileReference; lastKnownFileType = file.storyboard; name = Base; path = Base.lproj/LaunchScreen.storyboard; sourceTree = "<group>"; };
		6D37E2ED2702AEA600120D6E /* Info.plist */ = {isa = PBXFileReference; lastKnownFileType = text.plist.xml; path = Info.plist; sourceTree = "<group>"; };
		6D37E2F22702AEA600120D6E /* FlixTests.xctest */ = {isa = PBXFileReference; explicitFileType = wrapper.cfbundle; includeInIndex = 0; path = FlixTests.xctest; sourceTree = BUILT_PRODUCTS_DIR; };
		6D37E2F62702AEA600120D6E /* FlixTests.swift */ = {isa = PBXFileReference; lastKnownFileType = sourcecode.swift; path = FlixTests.swift; sourceTree = "<group>"; };
		6D37E2F82702AEA600120D6E /* Info.plist */ = {isa = PBXFileReference; lastKnownFileType = text.plist.xml; path = Info.plist; sourceTree = "<group>"; };
		6D37E2FD2702AEA600120D6E /* FlixUITests.xctest */ = {isa = PBXFileReference; explicitFileType = wrapper.cfbundle; includeInIndex = 0; path = FlixUITests.xctest; sourceTree = BUILT_PRODUCTS_DIR; };
		6D37E3012702AEA600120D6E /* FlixUITests.swift */ = {isa = PBXFileReference; lastKnownFileType = sourcecode.swift; path = FlixUITests.swift; sourceTree = "<group>"; };
		6D37E3032702AEA600120D6E /* Info.plist */ = {isa = PBXFileReference; lastKnownFileType = text.plist.xml; path = Info.plist; sourceTree = "<group>"; };
		6D37E30F2702DB7800120D6E /* MovieCell.swift */ = {isa = PBXFileReference; lastKnownFileType = sourcecode.swift; path = MovieCell.swift; sourceTree = "<group>"; };
		87202B696759A5D0021CDBA4 /* Pods-FlixTests.debug.xcconfig */ = {isa = PBXFileReference; includeInIndex = 1; lastKnownFileType = text.xcconfig; name = "Pods-FlixTests.debug.xcconfig"; path = "Target Support Files/Pods-FlixTests/Pods-FlixTests.debug.xcconfig"; sourceTree = "<group>"; };
		A0FC2E5018959AF786671030 /* Pods-Flix-FlixUITests.debug.xcconfig */ = {isa = PBXFileReference; includeInIndex = 1; lastKnownFileType = text.xcconfig; name = "Pods-Flix-FlixUITests.debug.xcconfig"; path = "Target Support Files/Pods-Flix-FlixUITests/Pods-Flix-FlixUITests.debug.xcconfig"; sourceTree = "<group>"; };
		B8382DEDBD646C4A40308403 /* Pods-Flix-FlixUITests.release.xcconfig */ = {isa = PBXFileReference; includeInIndex = 1; lastKnownFileType = text.xcconfig; name = "Pods-Flix-FlixUITests.release.xcconfig"; path = "Target Support Files/Pods-Flix-FlixUITests/Pods-Flix-FlixUITests.release.xcconfig"; sourceTree = "<group>"; };
		BF20E64BABEF8A7582CA575A /* Pods_FlixTests.framework */ = {isa = PBXFileReference; explicitFileType = wrapper.framework; includeInIndex = 0; path = Pods_FlixTests.framework; sourceTree = BUILT_PRODUCTS_DIR; };
		C0E3BB0BC257B85F11175C05 /* Pods-FlixTests.release.xcconfig */ = {isa = PBXFileReference; includeInIndex = 1; lastKnownFileType = text.xcconfig; name = "Pods-FlixTests.release.xcconfig"; path = "Target Support Files/Pods-FlixTests/Pods-FlixTests.release.xcconfig"; sourceTree = "<group>"; };
/* End PBXFileReference section */

/* Begin PBXFrameworksBuildPhase section */
		6D37E2D92702AEA500120D6E /* Frameworks */ = {
			isa = PBXFrameworksBuildPhase;
			buildActionMask = 2147483647;
			files = (
				6D37E3132702E07F00120D6E /* AlamofireImage in Frameworks */,
				99C556CDC686B08192BF5CFF /* Pods_Flix.framework in Frameworks */,
			);
			runOnlyForDeploymentPostprocessing = 0;
		};
		6D37E2EF2702AEA600120D6E /* Frameworks */ = {
			isa = PBXFrameworksBuildPhase;
			buildActionMask = 2147483647;
			files = (
				705730BE5C170243D50A7C00 /* Pods_FlixTests.framework in Frameworks */,
			);
			runOnlyForDeploymentPostprocessing = 0;
		};
		6D37E2FA2702AEA600120D6E /* Frameworks */ = {
			isa = PBXFrameworksBuildPhase;
			buildActionMask = 2147483647;
			files = (
				E60E8592A37B956571766E1C /* Pods_Flix_FlixUITests.framework in Frameworks */,
			);
			runOnlyForDeploymentPostprocessing = 0;
		};
/* End PBXFrameworksBuildPhase section */

/* Begin PBXGroup section */
		3F069308A1A80A3C0988278A /* Pods */ = {
			isa = PBXGroup;
			children = (
				4DD83529B4FDC10A7DF3301B /* Pods-Flix.debug.xcconfig */,
				0DA425FF1C8A8193B8DEDD06 /* Pods-Flix.release.xcconfig */,
				A0FC2E5018959AF786671030 /* Pods-Flix-FlixUITests.debug.xcconfig */,
				B8382DEDBD646C4A40308403 /* Pods-Flix-FlixUITests.release.xcconfig */,
				87202B696759A5D0021CDBA4 /* Pods-FlixTests.debug.xcconfig */,
				C0E3BB0BC257B85F11175C05 /* Pods-FlixTests.release.xcconfig */,
			);
			name = Pods;
			path = Pods;
			sourceTree = "<group>";
		};
		6D37E2D32702AEA500120D6E = {
			isa = PBXGroup;
			children = (
				6D37E2DE2702AEA500120D6E /* Flix */,
				6D37E2F52702AEA600120D6E /* FlixTests */,
				6D37E3002702AEA600120D6E /* FlixUITests */,
				6D37E2DD2702AEA500120D6E /* Products */,
				3F069308A1A80A3C0988278A /* Pods */,
				F631B3BE39BB9BDF1B224727 /* Frameworks */,
			);
			sourceTree = "<group>";
		};
		6D37E2DD2702AEA500120D6E /* Products */ = {
			isa = PBXGroup;
			children = (
				6D37E2DC2702AEA500120D6E /* Flix.app */,
				6D37E2F22702AEA600120D6E /* FlixTests.xctest */,
				6D37E2FD2702AEA600120D6E /* FlixUITests.xctest */,
			);
			name = Products;
			sourceTree = "<group>";
		};
		6D37E2DE2702AEA500120D6E /* Flix */ = {
			isa = PBXGroup;
			children = (
				6D37E2DF2702AEA500120D6E /* AppDelegate.swift */,
				6D37E2E12702AEA500120D6E /* SceneDelegate.swift */,
				6D37E2E32702AEA500120D6E /* MoviesViewController.swift */,
				6D37E2E52702AEA500120D6E /* Main.storyboard */,
				6D37E30F2702DB7800120D6E /* MovieCell.swift */,
				6D37E2E82702AEA600120D6E /* Assets.xcassets */,
				6D37E2EA2702AEA600120D6E /* LaunchScreen.storyboard */,
				6D37E2ED2702AEA600120D6E /* Info.plist */,
			);
			path = Flix;
			sourceTree = "<group>";
		};
		6D37E2F52702AEA600120D6E /* FlixTests */ = {
			isa = PBXGroup;
			children = (
				6D37E2F62702AEA600120D6E /* FlixTests.swift */,
				6D37E2F82702AEA600120D6E /* Info.plist */,
			);
			path = FlixTests;
			sourceTree = "<group>";
		};
		6D37E3002702AEA600120D6E /* FlixUITests */ = {
			isa = PBXGroup;
			children = (
				6D37E3012702AEA600120D6E /* FlixUITests.swift */,
				6D37E3032702AEA600120D6E /* Info.plist */,
			);
			path = FlixUITests;
			sourceTree = "<group>";
		};
		F631B3BE39BB9BDF1B224727 /* Frameworks */ = {
			isa = PBXGroup;
			children = (
				50211C7DB93473589CA744A4 /* Pods_Flix.framework */,
				0FC6B26E484658A800E57975 /* Pods_Flix_FlixUITests.framework */,
				BF20E64BABEF8A7582CA575A /* Pods_FlixTests.framework */,
			);
			name = Frameworks;
			sourceTree = "<group>";
		};
/* End PBXGroup section */

/* Begin PBXNativeTarget section */
		6D37E2DB2702AEA500120D6E /* Flix */ = {
			isa = PBXNativeTarget;
			buildConfigurationList = 6D37E3062702AEA600120D6E /* Build configuration list for PBXNativeTarget "Flix" */;
			buildPhases = (
				DFCF8E8621D480A2B33AB7C0 /* [CP] Check Pods Manifest.lock */,
				6D37E2D82702AEA500120D6E /* Sources */,
				6D37E2D92702AEA500120D6E /* Frameworks */,
				6D37E2DA2702AEA500120D6E /* Resources */,
				2AD48418811652E6D9C4F715 /* [CP] Embed Pods Frameworks */,
			);
			buildRules = (
			);
			dependencies = (
			);
			name = Flix;
			packageProductDependencies = (
				6D37E3122702E07F00120D6E /* AlamofireImage */,
			);
			productName = Flix;
			productReference = 6D37E2DC2702AEA500120D6E /* Flix.app */;
			productType = "com.apple.product-type.application";
		};
		6D37E2F12702AEA600120D6E /* FlixTests */ = {
			isa = PBXNativeTarget;
			buildConfigurationList = 6D37E3092702AEA600120D6E /* Build configuration list for PBXNativeTarget "FlixTests" */;
			buildPhases = (
				34506ABFB26790B4CD163976 /* [CP] Check Pods Manifest.lock */,
				6D37E2EE2702AEA600120D6E /* Sources */,
				6D37E2EF2702AEA600120D6E /* Frameworks */,
				6D37E2F02702AEA600120D6E /* Resources */,
			);
			buildRules = (
			);
			dependencies = (
				6D37E2F42702AEA600120D6E /* PBXTargetDependency */,
			);
			name = FlixTests;
			productName = FlixTests;
			productReference = 6D37E2F22702AEA600120D6E /* FlixTests.xctest */;
			productType = "com.apple.product-type.bundle.unit-test";
		};
		6D37E2FC2702AEA600120D6E /* FlixUITests */ = {
			isa = PBXNativeTarget;
			buildConfigurationList = 6D37E30C2702AEA600120D6E /* Build configuration list for PBXNativeTarget "FlixUITests" */;
			buildPhases = (
				DBD8D53A2BA84115394C14C0 /* [CP] Check Pods Manifest.lock */,
				6D37E2F92702AEA600120D6E /* Sources */,
				6D37E2FA2702AEA600120D6E /* Frameworks */,
				6D37E2FB2702AEA600120D6E /* Resources */,
				CD3BBD8BC409ADE220C8D824 /* [CP] Embed Pods Frameworks */,
			);
			buildRules = (
			);
			dependencies = (
				6D37E2FF2702AEA600120D6E /* PBXTargetDependency */,
			);
			name = FlixUITests;
			productName = FlixUITests;
			productReference = 6D37E2FD2702AEA600120D6E /* FlixUITests.xctest */;
			productType = "com.apple.product-type.bundle.ui-testing";
		};
/* End PBXNativeTarget section */

/* Begin PBXProject section */
		6D37E2D42702AEA500120D6E /* Project object */ = {
			isa = PBXProject;
			attributes = {
				LastSwiftUpdateCheck = 1250;
				LastUpgradeCheck = 1250;
				TargetAttributes = {
					6D37E2DB2702AEA500120D6E = {
						CreatedOnToolsVersion = 12.5.1;
					};
					6D37E2F12702AEA600120D6E = {
						CreatedOnToolsVersion = 12.5.1;
						TestTargetID = 6D37E2DB2702AEA500120D6E;
					};
					6D37E2FC2702AEA600120D6E = {
						CreatedOnToolsVersion = 12.5.1;
						TestTargetID = 6D37E2DB2702AEA500120D6E;
					};
				};
			};
			buildConfigurationList = 6D37E2D72702AEA500120D6E /* Build configuration list for PBXProject "Flix" */;
			compatibilityVersion = "Xcode 9.3";
			developmentRegion = en;
			hasScannedForEncodings = 0;
			knownRegions = (
				en,
				Base,
			);
			mainGroup = 6D37E2D32702AEA500120D6E;
			packageReferences = (
				6D37E3112702E07F00120D6E /* XCRemoteSwiftPackageReference "AlamofireImage" */,
			);
			productRefGroup = 6D37E2DD2702AEA500120D6E /* Products */;
			projectDirPath = "";
			projectRoot = "";
			targets = (
				6D37E2DB2702AEA500120D6E /* Flix */,
				6D37E2F12702AEA600120D6E /* FlixTests */,
				6D37E2FC2702AEA600120D6E /* FlixUITests */,
			);
		};
/* End PBXProject section */

/* Begin PBXResourcesBuildPhase section */
		6D37E2DA2702AEA500120D6E /* Resources */ = {
			isa = PBXResourcesBuildPhase;
			buildActionMask = 2147483647;
			files = (
				6D37E2EC2702AEA600120D6E /* LaunchScreen.storyboard in Resources */,
				6D37E2E92702AEA600120D6E /* Assets.xcassets in Resources */,
				6D37E2E72702AEA500120D6E /* Main.storyboard in Resources */,
			);
			runOnlyForDeploymentPostprocessing = 0;
		};
		6D37E2F02702AEA600120D6E /* Resources */ = {
			isa = PBXResourcesBuildPhase;
			buildActionMask = 2147483647;
			files = (
			);
			runOnlyForDeploymentPostprocessing = 0;
		};
		6D37E2FB2702AEA600120D6E /* Resources */ = {
			isa = PBXResourcesBuildPhase;
			buildActionMask = 2147483647;
			files = (
			);
			runOnlyForDeploymentPostprocessing = 0;
		};
/* End PBXResourcesBuildPhase section */

/* Begin PBXShellScriptBuildPhase section */
		2AD48418811652E6D9C4F715 /* [CP] Embed Pods Frameworks */ = {
			isa = PBXShellScriptBuildPhase;
			buildActionMask = 2147483647;
			files = (
			);
			inputFileListPaths = (
				"${PODS_ROOT}/Target Support Files/Pods-Flix/Pods-Flix-frameworks-${CONFIGURATION}-input-files.xcfilelist",
			);
			name = "[CP] Embed Pods Frameworks";
			outputFileListPaths = (
				"${PODS_ROOT}/Target Support Files/Pods-Flix/Pods-Flix-frameworks-${CONFIGURATION}-output-files.xcfilelist",
			);
			runOnlyForDeploymentPostprocessing = 0;
			shellPath = /bin/sh;
			shellScript = "\"${PODS_ROOT}/Target Support Files/Pods-Flix/Pods-Flix-frameworks.sh\"\n";
			showEnvVarsInLog = 0;
		};
		34506ABFB26790B4CD163976 /* [CP] Check Pods Manifest.lock */ = {
			isa = PBXShellScriptBuildPhase;
			buildActionMask = 2147483647;
			files = (
			);
			inputFileListPaths = (
			);
			inputPaths = (
				"${PODS_PODFILE_DIR_PATH}/Podfile.lock",
				"${PODS_ROOT}/Manifest.lock",
			);
			name = "[CP] Check Pods Manifest.lock";
			outputFileListPaths = (
			);
			outputPaths = (
				"$(DERIVED_FILE_DIR)/Pods-FlixTests-checkManifestLockResult.txt",
			);
			runOnlyForDeploymentPostprocessing = 0;
			shellPath = /bin/sh;
			shellScript = "diff \"${PODS_PODFILE_DIR_PATH}/Podfile.lock\" \"${PODS_ROOT}/Manifest.lock\" > /dev/null\nif [ $? != 0 ] ; then\n    # print error to STDERR\n    echo \"error: The sandbox is not in sync with the Podfile.lock. Run 'pod install' or update your CocoaPods installation.\" >&2\n    exit 1\nfi\n# This output is used by Xcode 'outputs' to avoid re-running this script phase.\necho \"SUCCESS\" > \"${SCRIPT_OUTPUT_FILE_0}\"\n";
			showEnvVarsInLog = 0;
		};
		CD3BBD8BC409ADE220C8D824 /* [CP] Embed Pods Frameworks */ = {
			isa = PBXShellScriptBuildPhase;
			buildActionMask = 2147483647;
			files = (
			);
			inputFileListPaths = (
				"${PODS_ROOT}/Target Support Files/Pods-Flix-FlixUITests/Pods-Flix-FlixUITests-frameworks-${CONFIGURATION}-input-files.xcfilelist",
			);
			name = "[CP] Embed Pods Frameworks";
			outputFileListPaths = (
				"${PODS_ROOT}/Target Support Files/Pods-Flix-FlixUITests/Pods-Flix-FlixUITests-frameworks-${CONFIGURATION}-output-files.xcfilelist",
			);
			runOnlyForDeploymentPostprocessing = 0;
			shellPath = /bin/sh;
			shellScript = "\"${PODS_ROOT}/Target Support Files/Pods-Flix-FlixUITests/Pods-Flix-FlixUITests-frameworks.sh\"\n";
			showEnvVarsInLog = 0;
		};
		DBD8D53A2BA84115394C14C0 /* [CP] Check Pods Manifest.lock */ = {
			isa = PBXShellScriptBuildPhase;
			buildActionMask = 2147483647;
			files = (
			);
			inputFileListPaths = (
			);
			inputPaths = (
				"${PODS_PODFILE_DIR_PATH}/Podfile.lock",
				"${PODS_ROOT}/Manifest.lock",
			);
			name = "[CP] Check Pods Manifest.lock";
			outputFileListPaths = (
			);
			outputPaths = (
				"$(DERIVED_FILE_DIR)/Pods-Flix-FlixUITests-checkManifestLockResult.txt",
			);
			runOnlyForDeploymentPostprocessing = 0;
			shellPath = /bin/sh;
			shellScript = "diff \"${PODS_PODFILE_DIR_PATH}/Podfile.lock\" \"${PODS_ROOT}/Manifest.lock\" > /dev/null\nif [ $? != 0 ] ; then\n    # print error to STDERR\n    echo \"error: The sandbox is not in sync with the Podfile.lock. Run 'pod install' or update your CocoaPods installation.\" >&2\n    exit 1\nfi\n# This output is used by Xcode 'outputs' to avoid re-running this script phase.\necho \"SUCCESS\" > \"${SCRIPT_OUTPUT_FILE_0}\"\n";
			showEnvVarsInLog = 0;
		};
		DFCF8E8621D480A2B33AB7C0 /* [CP] Check Pods Manifest.lock */ = {
			isa = PBXShellScriptBuildPhase;
			buildActionMask = 2147483647;
			files = (
			);
			inputFileListPaths = (
			);
			inputPaths = (
				"${PODS_PODFILE_DIR_PATH}/Podfile.lock",
				"${PODS_ROOT}/Manifest.lock",
			);
			name = "[CP] Check Pods Manifest.lock";
			outputFileListPaths = (
			);
			outputPaths = (
				"$(DERIVED_FILE_DIR)/Pods-Flix-checkManifestLockResult.txt",
			);
			runOnlyForDeploymentPostprocessing = 0;
			shellPath = /bin/sh;
			shellScript = "diff \"${PODS_PODFILE_DIR_PATH}/Podfile.lock\" \"${PODS_ROOT}/Manifest.lock\" > /dev/null\nif [ $? != 0 ] ; then\n    # print error to STDERR\n    echo \"error: The sandbox is not in sync with the Podfile.lock. Run 'pod install' or update your CocoaPods installation.\" >&2\n    exit 1\nfi\n# This output is used by Xcode 'outputs' to avoid re-running this script phase.\necho \"SUCCESS\" > \"${SCRIPT_OUTPUT_FILE_0}\"\n";
			showEnvVarsInLog = 0;
		};
/* End PBXShellScriptBuildPhase section */

/* Begin PBXSourcesBuildPhase section */
		6D37E2D82702AEA500120D6E /* Sources */ = {
			isa = PBXSourcesBuildPhase;
			buildActionMask = 2147483647;
			files = (
				6D37E2E42702AEA500120D6E /* MoviesViewController.swift in Sources */,
				6D37E2E02702AEA500120D6E /* AppDelegate.swift in Sources */,
				6D37E3102702DB7800120D6E /* MovieCell.swift in Sources */,
				6D37E2E22702AEA500120D6E /* SceneDelegate.swift in Sources */,
			);
			runOnlyForDeploymentPostprocessing = 0;
		};
		6D37E2EE2702AEA600120D6E /* Sources */ = {
			isa = PBXSourcesBuildPhase;
			buildActionMask = 2147483647;
			files = (
				6D37E2F72702AEA600120D6E /* FlixTests.swift in Sources */,
			);
			runOnlyForDeploymentPostprocessing = 0;
		};
		6D37E2F92702AEA600120D6E /* Sources */ = {
			isa = PBXSourcesBuildPhase;
			buildActionMask = 2147483647;
			files = (
				6D37E3022702AEA600120D6E /* FlixUITests.swift in Sources */,
			);
			runOnlyForDeploymentPostprocessing = 0;
		};
/* End PBXSourcesBuildPhase section */

/* Begin PBXTargetDependency section */
		6D37E2F42702AEA600120D6E /* PBXTargetDependency */ = {
			isa = PBXTargetDependency;
			target = 6D37E2DB2702AEA500120D6E /* Flix */;
			targetProxy = 6D37E2F32702AEA600120D6E /* PBXContainerItemProxy */;
		};
		6D37E2FF2702AEA600120D6E /* PBXTargetDependency */ = {
			isa = PBXTargetDependency;
			target = 6D37E2DB2702AEA500120D6E /* Flix */;
			targetProxy = 6D37E2FE2702AEA600120D6E /* PBXContainerItemProxy */;
		};
/* End PBXTargetDependency section */

/* Begin PBXVariantGroup section */
		6D37E2E52702AEA500120D6E /* Main.storyboard */ = {
			isa = PBXVariantGroup;
			children = (
				6D37E2E62702AEA500120D6E /* Base */,
			);
			name = Main.storyboard;
			sourceTree = "<group>";
		};
		6D37E2EA2702AEA600120D6E /* LaunchScreen.storyboard */ = {
			isa = PBXVariantGroup;
			children = (
				6D37E2EB2702AEA600120D6E /* Base */,
			);
			name = LaunchScreen.storyboard;
			sourceTree = "<group>";
		};
/* End PBXVariantGroup section */

/* Begin XCBuildConfiguration section */
		6D37E3042702AEA600120D6E /* Debug */ = {
			isa = XCBuildConfiguration;
			buildSettings = {
				ALWAYS_SEARCH_USER_PATHS = NO;
				CLANG_ANALYZER_NONNULL = YES;
				CLANG_ANALYZER_NUMBER_OBJECT_CONVERSION = YES_AGGRESSIVE;
				CLANG_CXX_LANGUAGE_STANDARD = "gnu++14";
				CLANG_CXX_LIBRARY = "libc++";
				CLANG_ENABLE_MODULES = YES;
				CLANG_ENABLE_OBJC_ARC = YES;
				CLANG_ENABLE_OBJC_WEAK = YES;
				CLANG_WARN_BLOCK_CAPTURE_AUTORELEASING = YES;
				CLANG_WARN_BOOL_CONVERSION = YES;
				CLANG_WARN_COMMA = YES;
				CLANG_WARN_CONSTANT_CONVERSION = YES;
				CLANG_WARN_DEPRECATED_OBJC_IMPLEMENTATIONS = YES;
				CLANG_WARN_DIRECT_OBJC_ISA_USAGE = YES_ERROR;
				CLANG_WARN_DOCUMENTATION_COMMENTS = YES;
				CLANG_WARN_EMPTY_BODY = YES;
				CLANG_WARN_ENUM_CONVERSION = YES;
				CLANG_WARN_INFINITE_RECURSION = YES;
				CLANG_WARN_INT_CONVERSION = YES;
				CLANG_WARN_NON_LITERAL_NULL_CONVERSION = YES;
				CLANG_WARN_OBJC_IMPLICIT_RETAIN_SELF = YES;
				CLANG_WARN_OBJC_LITERAL_CONVERSION = YES;
				CLANG_WARN_OBJC_ROOT_CLASS = YES_ERROR;
				CLANG_WARN_QUOTED_INCLUDE_IN_FRAMEWORK_HEADER = YES;
				CLANG_WARN_RANGE_LOOP_ANALYSIS = YES;
				CLANG_WARN_STRICT_PROTOTYPES = YES;
				CLANG_WARN_SUSPICIOUS_MOVE = YES;
				CLANG_WARN_UNGUARDED_AVAILABILITY = YES_AGGRESSIVE;
				CLANG_WARN_UNREACHABLE_CODE = YES;
				CLANG_WARN__DUPLICATE_METHOD_MATCH = YES;
				COPY_PHASE_STRIP = NO;
				DEBUG_INFORMATION_FORMAT = dwarf;
				ENABLE_STRICT_OBJC_MSGSEND = YES;
				ENABLE_TESTABILITY = YES;
				GCC_C_LANGUAGE_STANDARD = gnu11;
				GCC_DYNAMIC_NO_PIC = NO;
				GCC_NO_COMMON_BLOCKS = YES;
				GCC_OPTIMIZATION_LEVEL = 0;
				GCC_PREPROCESSOR_DEFINITIONS = (
					"DEBUG=1",
					"$(inherited)",
				);
				GCC_WARN_64_TO_32_BIT_CONVERSION = YES;
				GCC_WARN_ABOUT_RETURN_TYPE = YES_ERROR;
				GCC_WARN_UNDECLARED_SELECTOR = YES;
				GCC_WARN_UNINITIALIZED_AUTOS = YES_AGGRESSIVE;
				GCC_WARN_UNUSED_FUNCTION = YES;
				GCC_WARN_UNUSED_VARIABLE = YES;
				IPHONEOS_DEPLOYMENT_TARGET = 14.5;
				MTL_ENABLE_DEBUG_INFO = INCLUDE_SOURCE;
				MTL_FAST_MATH = YES;
				ONLY_ACTIVE_ARCH = YES;
				SDKROOT = iphoneos;
				SWIFT_ACTIVE_COMPILATION_CONDITIONS = DEBUG;
				SWIFT_OPTIMIZATION_LEVEL = "-Onone";
			};
			name = Debug;
		};
		6D37E3052702AEA600120D6E /* Release */ = {
			isa = XCBuildConfiguration;
			buildSettings = {
				ALWAYS_SEARCH_USER_PATHS = NO;
				CLANG_ANALYZER_NONNULL = YES;
				CLANG_ANALYZER_NUMBER_OBJECT_CONVERSION = YES_AGGRESSIVE;
				CLANG_CXX_LANGUAGE_STANDARD = "gnu++14";
				CLANG_CXX_LIBRARY = "libc++";
				CLANG_ENABLE_MODULES = YES;
				CLANG_ENABLE_OBJC_ARC = YES;
				CLANG_ENABLE_OBJC_WEAK = YES;
				CLANG_WARN_BLOCK_CAPTURE_AUTORELEASING = YES;
				CLANG_WARN_BOOL_CONVERSION = YES;
				CLANG_WARN_COMMA = YES;
				CLANG_WARN_CONSTANT_CONVERSION = YES;
				CLANG_WARN_DEPRECATED_OBJC_IMPLEMENTATIONS = YES;
				CLANG_WARN_DIRECT_OBJC_ISA_USAGE = YES_ERROR;
				CLANG_WARN_DOCUMENTATION_COMMENTS = YES;
				CLANG_WARN_EMPTY_BODY = YES;
				CLANG_WARN_ENUM_CONVERSION = YES;
				CLANG_WARN_INFINITE_RECURSION = YES;
				CLANG_WARN_INT_CONVERSION = YES;
				CLANG_WARN_NON_LITERAL_NULL_CONVERSION = YES;
				CLANG_WARN_OBJC_IMPLICIT_RETAIN_SELF = YES;
				CLANG_WARN_OBJC_LITERAL_CONVERSION = YES;
				CLANG_WARN_OBJC_ROOT_CLASS = YES_ERROR;
				CLANG_WARN_QUOTED_INCLUDE_IN_FRAMEWORK_HEADER = YES;
				CLANG_WARN_RANGE_LOOP_ANALYSIS = YES;
				CLANG_WARN_STRICT_PROTOTYPES = YES;
				CLANG_WARN_SUSPICIOUS_MOVE = YES;
				CLANG_WARN_UNGUARDED_AVAILABILITY = YES_AGGRESSIVE;
				CLANG_WARN_UNREACHABLE_CODE = YES;
				CLANG_WARN__DUPLICATE_METHOD_MATCH = YES;
				COPY_PHASE_STRIP = NO;
				DEBUG_INFORMATION_FORMAT = "dwarf-with-dsym";
				ENABLE_NS_ASSERTIONS = NO;
				ENABLE_STRICT_OBJC_MSGSEND = YES;
				GCC_C_LANGUAGE_STANDARD = gnu11;
				GCC_NO_COMMON_BLOCKS = YES;
				GCC_WARN_64_TO_32_BIT_CONVERSION = YES;
				GCC_WARN_ABOUT_RETURN_TYPE = YES_ERROR;
				GCC_WARN_UNDECLARED_SELECTOR = YES;
				GCC_WARN_UNINITIALIZED_AUTOS = YES_AGGRESSIVE;
				GCC_WARN_UNUSED_FUNCTION = YES;
				GCC_WARN_UNUSED_VARIABLE = YES;
				IPHONEOS_DEPLOYMENT_TARGET = 14.5;
				MTL_ENABLE_DEBUG_INFO = NO;
				MTL_FAST_MATH = YES;
				SDKROOT = iphoneos;
				SWIFT_COMPILATION_MODE = wholemodule;
				SWIFT_OPTIMIZATION_LEVEL = "-O";
				VALIDATE_PRODUCT = YES;
			};
			name = Release;
		};
		6D37E3072702AEA600120D6E /* Debug */ = {
			isa = XCBuildConfiguration;
			baseConfigurationReference = 4DD83529B4FDC10A7DF3301B /* Pods-Flix.debug.xcconfig */;
			buildSettings = {
				ASSETCATALOG_COMPILER_APPICON_NAME = AppIcon;
				ASSETCATALOG_COMPILER_GLOBAL_ACCENT_COLOR_NAME = AccentColor;
				CODE_SIGN_STYLE = Automatic;
				DEVELOPMENT_TEAM = 87T7JZ8B5U;
				INFOPLIST_FILE = Flix/Info.plist;
				LD_RUNPATH_SEARCH_PATHS = (
					"$(inherited)",
					"@executable_path/Frameworks",
				);
				PRODUCT_BUNDLE_IDENTIFIER = com.rodriguezurielg.Flix;
				PRODUCT_NAME = "$(TARGET_NAME)";
				SWIFT_VERSION = 5.0;
				TARGETED_DEVICE_FAMILY = "1,2";
			};
			name = Debug;
		};
		6D37E3082702AEA600120D6E /* Release */ = {
			isa = XCBuildConfiguration;
			baseConfigurationReference = 0DA425FF1C8A8193B8DEDD06 /* Pods-Flix.release.xcconfig */;
			buildSettings = {
				ASSETCATALOG_COMPILER_APPICON_NAME = AppIcon;
				ASSETCATALOG_COMPILER_GLOBAL_ACCENT_COLOR_NAME = AccentColor;
				CODE_SIGN_STYLE = Automatic;
				DEVELOPMENT_TEAM = 87T7JZ8B5U;
				INFOPLIST_FILE = Flix/Info.plist;
				LD_RUNPATH_SEARCH_PATHS = (
					"$(inherited)",
					"@executable_path/Frameworks",
				);
				PRODUCT_BUNDLE_IDENTIFIER = com.rodriguezurielg.Flix;
				PRODUCT_NAME = "$(TARGET_NAME)";
				SWIFT_VERSION = 5.0;
				TARGETED_DEVICE_FAMILY = "1,2";
			};
			name = Release;
		};
		6D37E30A2702AEA600120D6E /* Debug */ = {
			isa = XCBuildConfiguration;
			baseConfigurationReference = 87202B696759A5D0021CDBA4 /* Pods-FlixTests.debug.xcconfig */;
			buildSettings = {
				ALWAYS_EMBED_SWIFT_STANDARD_LIBRARIES = YES;
				BUNDLE_LOADER = "$(TEST_HOST)";
				CODE_SIGN_STYLE = Automatic;
				DEVELOPMENT_TEAM = 87T7JZ8B5U;
				INFOPLIST_FILE = FlixTests/Info.plist;
				IPHONEOS_DEPLOYMENT_TARGET = 14.5;
				LD_RUNPATH_SEARCH_PATHS = (
					"$(inherited)",
					"@executable_path/Frameworks",
					"@loader_path/Frameworks",
				);
				PRODUCT_BUNDLE_IDENTIFIER = com.rodriguezurielg.FlixTests;
				PRODUCT_NAME = "$(TARGET_NAME)";
				SWIFT_VERSION = 5.0;
				TARGETED_DEVICE_FAMILY = "1,2";
				TEST_HOST = "$(BUILT_PRODUCTS_DIR)/Flix.app/Flix";
			};
			name = Debug;
		};
		6D37E30B2702AEA600120D6E /* Release */ = {
			isa = XCBuildConfiguration;
			baseConfigurationReference = C0E3BB0BC257B85F11175C05 /* Pods-FlixTests.release.xcconfig */;
			buildSettings = {
				ALWAYS_EMBED_SWIFT_STANDARD_LIBRARIES = YES;
				BUNDLE_LOADER = "$(TEST_HOST)";
				CODE_SIGN_STYLE = Automatic;
				DEVELOPMENT_TEAM = 87T7JZ8B5U;
				INFOPLIST_FILE = FlixTests/Info.plist;
				IPHONEOS_DEPLOYMENT_TARGET = 14.5;
				LD_RUNPATH_SEARCH_PATHS = (
					"$(inherited)",
					"@executable_path/Frameworks",
					"@loader_path/Frameworks",
				);
				PRODUCT_BUNDLE_IDENTIFIER = com.rodriguezurielg.FlixTests;
				PRODUCT_NAME = "$(TARGET_NAME)";
				SWIFT_VERSION = 5.0;
				TARGETED_DEVICE_FAMILY = "1,2";
				TEST_HOST = "$(BUILT_PRODUCTS_DIR)/Flix.app/Flix";
			};
			name = Release;
		};
		6D37E30D2702AEA600120D6E /* Debug */ = {
			isa = XCBuildConfiguration;
			baseConfigurationReference = A0FC2E5018959AF786671030 /* Pods-Flix-FlixUITests.debug.xcconfig */;
			buildSettings = {
				ALWAYS_EMBED_SWIFT_STANDARD_LIBRARIES = YES;
				CODE_SIGN_STYLE = Automatic;
				DEVELOPMENT_TEAM = 87T7JZ8B5U;
				INFOPLIST_FILE = FlixUITests/Info.plist;
				LD_RUNPATH_SEARCH_PATHS = (
					"$(inherited)",
					"@executable_path/Frameworks",
					"@loader_path/Frameworks",
				);
				PRODUCT_BUNDLE_IDENTIFIER = com.rodriguezurielg.FlixUITests;
				PRODUCT_NAME = "$(TARGET_NAME)";
				SWIFT_VERSION = 5.0;
				TARGETED_DEVICE_FAMILY = "1,2";
				TEST_TARGET_NAME = Flix;
			};
			name = Debug;
		};
		6D37E30E2702AEA600120D6E /* Release */ = {
			isa = XCBuildConfiguration;
			baseConfigurationReference = B8382DEDBD646C4A40308403 /* Pods-Flix-FlixUITests.release.xcconfig */;
			buildSettings = {
				ALWAYS_EMBED_SWIFT_STANDARD_LIBRARIES = YES;
				CODE_SIGN_STYLE = Automatic;
				DEVELOPMENT_TEAM = 87T7JZ8B5U;
				INFOPLIST_FILE = FlixUITests/Info.plist;
				LD_RUNPATH_SEARCH_PATHS = (
					"$(inherited)",
					"@executable_path/Frameworks",
					"@loader_path/Frameworks",
				);
				PRODUCT_BUNDLE_IDENTIFIER = com.rodriguezurielg.FlixUITests;
				PRODUCT_NAME = "$(TARGET_NAME)";
				SWIFT_VERSION = 5.0;
				TARGETED_DEVICE_FAMILY = "1,2";
				TEST_TARGET_NAME = Flix;
			};
			name = Release;
		};
/* End XCBuildConfiguration section */

/* Begin XCConfigurationList section */
		6D37E2D72702AEA500120D6E /* Build configuration list for PBXProject "Flix" */ = {
			isa = XCConfigurationList;
			buildConfigurations = (
				6D37E3042702AEA600120D6E /* Debug */,
				6D37E3052702AEA600120D6E /* Release */,
			);
			defaultConfigurationIsVisible = 0;
			defaultConfigurationName = Release;
		};
		6D37E3062702AEA600120D6E /* Build configuration list for PBXNativeTarget "Flix" */ = {
			isa = XCConfigurationList;
			buildConfigurations = (
				6D37E3072702AEA600120D6E /* Debug */,
				6D37E3082702AEA600120D6E /* Release */,
			);
			defaultConfigurationIsVisible = 0;
			defaultConfigurationName = Release;
		};
		6D37E3092702AEA600120D6E /* Build configuration list for PBXNativeTarget "FlixTests" */ = {
			isa = XCConfigurationList;
			buildConfigurations = (
				6D37E30A2702AEA600120D6E /* Debug */,
				6D37E30B2702AEA600120D6E /* Release */,
			);
			defaultConfigurationIsVisible = 0;
			defaultConfigurationName = Release;
		};
		6D37E30C2702AEA600120D6E /* Build configuration list for PBXNativeTarget "FlixUITests" */ = {
			isa = XCConfigurationList;
			buildConfigurations = (
				6D37E30D2702AEA600120D6E /* Debug */,
				6D37E30E2702AEA600120D6E /* Release */,
			);
			defaultConfigurationIsVisible = 0;
			defaultConfigurationName = Release;
		};
/* End XCConfigurationList section */

/* Begin XCRemoteSwiftPackageReference section */
		6D37E3112702E07F00120D6E /* XCRemoteSwiftPackageReference "AlamofireImage" */ = {
			isa = XCRemoteSwiftPackageReference;
			repositoryURL = "https://github.com/Alamofire/AlamofireImage";
			requirement = {
				kind = upToNextMajorVersion;
				minimumVersion = 4.2.0;
			};
		};
/* End XCRemoteSwiftPackageReference section */

/* Begin XCSwiftPackageProductDependency section */
		6D37E3122702E07F00120D6E /* AlamofireImage */ = {
			isa = XCSwiftPackageProductDependency;
			package = 6D37E3112702E07F00120D6E /* XCRemoteSwiftPackageReference "AlamofireImage" */;
			productName = AlamofireImage;
		};
/* End XCSwiftPackageProductDependency section */
	};
	rootObject = 6D37E2D42702AEA500120D6E /* Project object */;
}
